
Microsoft Visual Studio Solution File, Format Version 12.00
# Visual Studio 15
VisualStudioVersion = 15.0.26430.6
MinimumVisualStudioVersion = 10.0.40219.1
Project("{FAE04EC0-301F-11D3-BF4B-00C04F79EFBC}") = "UESTicketsProject.Web", "UESTicketsProject\UESTicketsProject.Web.csproj", "{95A5794D-436D-4E40-BA88-47839E64FBF1}"
EndProject
Project("{FAE04EC0-301F-11D3-BF4B-00C04F79EFBC}") = "UESTicketsProject.Data", "AutoShopSystemManagement.Data\UESTicketsProject.Data.csproj", "{A78BEE65-BC12-4E9D-A864-2CF781EA7A9C}"
EndProject
Global
	GlobalSection(SolutionConfigurationPlatforms) = preSolution
		Debug|Any CPU = Debug|Any CPU
		Release|Any CPU = Release|Any CPU
		Staging|Any CPU = Staging|Any CPU
	EndGlobalSection
	GlobalSection(ProjectConfigurationPlatforms) = postSolution
		{95A5794D-436D-4E40-BA88-47839E64FBF1}.Debug|Any CPU.ActiveCfg = Debug|Any CPU
		{95A5794D-436D-4E40-BA88-47839E64FBF1}.Debug|Any CPU.Build.0 = Debug|Any CPU
		{95A5794D-436D-4E40-BA88-47839E64FBF1}.Release|Any CPU.ActiveCfg = Release|Any CPU
		{95A5794D-436D-4E40-BA88-47839E64FBF1}.Release|Any CPU.Build.0 = Release|Any CPU
		{95A5794D-436D-4E40-BA88-47839E64FBF1}.Staging|Any CPU.ActiveCfg = Release|Any CPU
		{95A5794D-436D-4E40-BA88-47839E64FBF1}.Staging|Any CPU.Build.0 = Release|Any CPU
		{A78BEE65-BC12-4E9D-A864-2CF781EA7A9C}.Debug|Any CPU.ActiveCfg = Debug|Any CPU
		{A78BEE65-BC12-4E9D-A864-2CF781EA7A9C}.Debug|Any CPU.Build.0 = Debug|Any CPU
		{A78BEE65-BC12-4E9D-A864-2CF781EA7A9C}.Release|Any CPU.ActiveCfg = Release|Any CPU
		{A78BEE65-BC12-4E9D-A864-2CF781EA7A9C}.Release|Any CPU.Build.0 = Release|Any CPU
		{A78BEE65-BC12-4E9D-A864-2CF781EA7A9C}.Staging|Any CPU.ActiveCfg = Staging|Any CPU
		{A78BEE65-BC12-4E9D-A864-2CF781EA7A9C}.Staging|Any CPU.Build.0 = Staging|Any CPU
	EndGlobalSection
	GlobalSection(SolutionProperties) = preSolution
		HideSolutionNode = FALSE
	EndGlobalSection
EndGlobal
